PODS:
  - CGXSettingCenterViewOC (0.1):
    - CGXSettingCenterViewOC/Cell (= 0.1)
    - CGXSettingCenterViewOC/Model (= 0.1)
    - CGXSettingCenterViewOC/View (= 0.1)
  - CGXSettingCenterViewOC/Cell (0.1):
    - CGXSettingCenterViewOC/Model
  - CGXSettingCenterViewOC/Model (0.1)
  - CGXSettingCenterViewOC/View (0.1):
    - CGXSettingCenterViewOC/Cell
    - CGXSettingCenterViewOC/Model

DEPENDENCIES:
  - CGXSettingCenterViewOC (from `../`)

EXTERNAL SOURCES:
  CGXSettingCenterViewOC:
    :path: "../"

SPEC CHECKSUMS:
  CGXSettingCenterViewOC: 6ba041128850a40b6acf3fc903ded65b231ec380

PODFILE CHECKSUM: 86ef87b03818fbeda39b8a4b461d8fa4348b33ed

COCOAPODS: 1.10.1
