PODS:
  - CGXSettingCenterViewOC (0.1)

DEPENDENCIES:
  - CGXSettingCenterViewOC (from `../`)

EXTERNAL SOURCES:
  CGXSettingCenterViewOC:
    :path: "../"

SPEC CHECKSUMS:
  CGXSettingCenterViewOC: aa3b341a80b3cdf2792c6acf0841b1e59d700f55

PODFILE CHECKSUM: 86ef87b03818fbeda39b8a4b461d8fa4348b33ed

COCOAPODS: 1.10.1
