PODS:
  - CGXSettingCenterViewOC (0.0.1):
    - CGXSettingCenterViewOC/CustomCell (= 0.0.1)
    - CGXSettingCenterViewOC/CustomModel (= 0.0.1)
    - CGXSettingCenterViewOC/CustomView (= 0.0.1)
  - CGXSettingCenterViewOC/CustomCell (0.0.1):
    - CGXSettingCenterViewOC/CustomModel
  - CGXSettingCenterViewOC/CustomModel (0.0.1)
  - CGXSettingCenterViewOC/CustomView (0.0.1):
    - CGXSettingCenterViewOC/CustomCell
    - CGXSettingCenterViewOC/CustomModel

DEPENDENCIES:
  - CGXSettingCenterViewOC (from `../`)

EXTERNAL SOURCES:
  CGXSettingCenterViewOC:
    :path: "../"

SPEC CHECKSUMS:
  CGXSettingCenterViewOC: 5cd544fe712787e6a006d43487ddd82e0072f636

PODFILE CHECKSUM: 86ef87b03818fbeda39b8a4b461d8fa4348b33ed

COCOAPODS: 1.10.1
